
Microsoft Visual Studio Solution File, Format Version 12.00
# Visual Studio 15
VisualStudioVersion = 15.0.27428.2015
MinimumVisualStudioVersion = 10.0.40219.1
Project("{FAE04EC0-301F-11D3-BF4B-00C04F79EFBC}") = "FirstGame", "FirstGame\FirstGame.csproj", "{5AFB6A89-D255-48B4-9AD5-7077662113A5}"
EndProject
Global
	GlobalSection(SolutionConfigurationPlatforms) = preSolution
		Debug|Any CPU = Debug|Any CPU
		Release|Any CPU = Release|Any CPU
	EndGlobalSection
	GlobalSection(ProjectConfigurationPlatforms) = postSolution
		{5AFB6A89-D255-48B4-9AD5-7077662113A5}.Debug|Any CPU.ActiveCfg = Debug|Any CPU
		{5AFB6A89-D255-48B4-9AD5-7077662113A5}.Debug|Any CPU.Build.0 = Debug|Any CPU
		{5AFB6A89-D255-48B4-9AD5-7077662113A5}.Release|Any CPU.ActiveCfg = Release|Any CPU
		{5AFB6A89-D255-48B4-9AD5-7077662113A5}.Release|Any CPU.Build.0 = Release|Any CPU
	EndGlobalSection
	GlobalSection(SolutionProperties) = preSolution
		HideSolutionNode = FALSE
	EndGlobalSection
	GlobalSection(ExtensibilityGlobals) = postSolution
		SolutionGuid = {625D1898-B1F2-4380-BD94-302D506A951A}
	EndGlobalSection
EndGlobal
